
Microsoft Visual Studio Solution File, Format Version 12.00
# Visual Studio Version 17
VisualStudioVersion = 17.8.34330.188
MinimumVisualStudioVersion = 10.0.40219.1
Project("{2150E333-8FDC-42A3-9474-1A3956D46DE8}") = "Bootstraper", "Bootstraper", "{F807CD0E-0693-4FE5-891E-544F5DC9A931}"
EndProject
Project("{2150E333-8FDC-42A3-9474-1A3956D46DE8}") = "Modules", "Modules", "{C7476297-878A-4FFB-BBF0-79CDBE8F7331}"
EndProject
Project("{2150E333-8FDC-42A3-9474-1A3956D46DE8}") = "Shared", "Shared", "{11AF223C-1C79-4242-B5DC-F44DE44531FD}"
EndProject
Project("{9A19103F-16F7-4668-BE54-9A1E7A4F7556}") = "Calcis.Bootstraper", "src\Bootstraper\Calcis.Bootstraper\Calcis.Bootstraper.csproj", "{0DB90601-3EB0-4579-A74A-846B019064BA}"
EndProject
Project("{2150E333-8FDC-42A3-9474-1A3956D46DE8}") = "Base", "Base", "{156E8E81-10BA-421A-8D4C-2700EC2E0D06}"
EndProject
Project("{FAE04EC0-301F-11D3-BF4B-00C04F79EFBC}") = "Calcis.Shared.Infrastructure", "src\Shared\Calcis.Shared\Calcis.Shared.Infrastructure.csproj", "{8290D9B6-3157-4F79-A37F-ECA9C2F90804}"
EndProject
Project("{FAE04EC0-301F-11D3-BF4B-00C04F79EFBC}") = "Calcis.Modules.Base.Api", "src\Modules\Base\Calcis.Modules.Base.Api\Calcis.Modules.Base.Api.csproj", "{F46ADC8C-9ADC-4782-9C8A-ED56732FE0AF}"
EndProject
Project("{FAE04EC0-301F-11D3-BF4B-00C04F79EFBC}") = "Calcis.Shared.Abstractions", "src\Shared\Calcis.Shared.Abstractions\Calcis.Shared.Abstractions.csproj", "{E8CF9C15-50A7-45B7-BAAE-10D91AFB5BDF}"
EndProject
Global
	GlobalSection(SolutionConfigurationPlatforms) = preSolution
		Debug|Any CPU = Debug|Any CPU
		Release|Any CPU = Release|Any CPU
	EndGlobalSection
	GlobalSection(ProjectConfigurationPlatforms) = postSolution
		{0DB90601-3EB0-4579-A74A-846B019064BA}.Debug|Any CPU.ActiveCfg = Debug|Any CPU
		{0DB90601-3EB0-4579-A74A-846B019064BA}.Debug|Any CPU.Build.0 = Debug|Any CPU
		{0DB90601-3EB0-4579-A74A-846B019064BA}.Release|Any CPU.ActiveCfg = Release|Any CPU
		{0DB90601-3EB0-4579-A74A-846B019064BA}.Release|Any CPU.Build.0 = Release|Any CPU
		{8290D9B6-3157-4F79-A37F-ECA9C2F90804}.Debug|Any CPU.ActiveCfg = Debug|Any CPU
		{8290D9B6-3157-4F79-A37F-ECA9C2F90804}.Debug|Any CPU.Build.0 = Debug|Any CPU
		{8290D9B6-3157-4F79-A37F-ECA9C2F90804}.Release|Any CPU.ActiveCfg = Release|Any CPU
		{8290D9B6-3157-4F79-A37F-ECA9C2F90804}.Release|Any CPU.Build.0 = Release|Any CPU
		{F46ADC8C-9ADC-4782-9C8A-ED56732FE0AF}.Debug|Any CPU.ActiveCfg = Debug|Any CPU
		{F46ADC8C-9ADC-4782-9C8A-ED56732FE0AF}.Debug|Any CPU.Build.0 = Debug|Any CPU
		{F46ADC8C-9ADC-4782-9C8A-ED56732FE0AF}.Release|Any CPU.ActiveCfg = Release|Any CPU
		{F46ADC8C-9ADC-4782-9C8A-ED56732FE0AF}.Release|Any CPU.Build.0 = Release|Any CPU
		{E8CF9C15-50A7-45B7-BAAE-10D91AFB5BDF}.Debug|Any CPU.ActiveCfg = Debug|Any CPU
		{E8CF9C15-50A7-45B7-BAAE-10D91AFB5BDF}.Debug|Any CPU.Build.0 = Debug|Any CPU
		{E8CF9C15-50A7-45B7-BAAE-10D91AFB5BDF}.Release|Any CPU.ActiveCfg = Release|Any CPU
		{E8CF9C15-50A7-45B7-BAAE-10D91AFB5BDF}.Release|Any CPU.Build.0 = Release|Any CPU
	EndGlobalSection
	GlobalSection(SolutionProperties) = preSolution
		HideSolutionNode = FALSE
	EndGlobalSection
	GlobalSection(NestedProjects) = preSolution
		{0DB90601-3EB0-4579-A74A-846B019064BA} = {F807CD0E-0693-4FE5-891E-544F5DC9A931}
		{156E8E81-10BA-421A-8D4C-2700EC2E0D06} = {C7476297-878A-4FFB-BBF0-79CDBE8F7331}
		{8290D9B6-3157-4F79-A37F-ECA9C2F90804} = {11AF223C-1C79-4242-B5DC-F44DE44531FD}
		{F46ADC8C-9ADC-4782-9C8A-ED56732FE0AF} = {156E8E81-10BA-421A-8D4C-2700EC2E0D06}
		{E8CF9C15-50A7-45B7-BAAE-10D91AFB5BDF} = {11AF223C-1C79-4242-B5DC-F44DE44531FD}
	EndGlobalSection
	GlobalSection(ExtensibilityGlobals) = postSolution
		SolutionGuid = {7247945B-281D-4FCE-8A2E-7BED08698F51}
	EndGlobalSection
EndGlobal
