
Microsoft Visual Studio Solution File, Format Version 12.00
# Visual Studio Version 17
VisualStudioVersion = 17.8.34330.188
MinimumVisualStudioVersion = 10.0.40219.1
Project("{2150E333-8FDC-42A3-9474-1A3956D46DE8}") = "Bootstraper", "Bootstraper", "{F807CD0E-0693-4FE5-891E-544F5DC9A931}"
EndProject
Project("{2150E333-8FDC-42A3-9474-1A3956D46DE8}") = "Modules", "Modules", "{C7476297-878A-4FFB-BBF0-79CDBE8F7331}"
EndProject
Project("{2150E333-8FDC-42A3-9474-1A3956D46DE8}") = "Shared", "Shared", "{11AF223C-1C79-4242-B5DC-F44DE44531FD}"
EndProject
Project("{2150E333-8FDC-42A3-9474-1A3956D46DE8}") = "Base", "Base", "{156E8E81-10BA-421A-8D4C-2700EC2E0D06}"
EndProject
Project("{9A19103F-16F7-4668-BE54-9A1E7A4F7556}") = "Calcis.Modules.Base.Api", "src\Modules\Base\Calcis.Modules.Base.Api\Calcis.Modules.Base.Api.csproj", "{F46ADC8C-9ADC-4782-9C8A-ED56732FE0AF}"
EndProject
Project("{9A19103F-16F7-4668-BE54-9A1E7A4F7556}") = "Calcis.Shared.Abstractions", "src\Shared\Calcis.Shared.Abstractions\Calcis.Shared.Abstractions.csproj", "{E8CF9C15-50A7-45B7-BAAE-10D91AFB5BDF}"
EndProject
Project("{9A19103F-16F7-4668-BE54-9A1E7A4F7556}") = "Calcis.Modules.Base.Core", "src\Modules\Base\Calcis.Modules.Base.Core\Calcis.Modules.Base.Core.csproj", "{01D1C016-48A9-4A9C-BC0C-F45448FE14B2}"
EndProject
Project("{9A19103F-16F7-4668-BE54-9A1E7A4F7556}") = "Calcis.Modules.Base.Application", "src\Modules\Base\Calcis.Modules.Base.Application\Calcis.Modules.Base.Application.csproj", "{6E3E8E12-B77E-49F8-AE24-4E2D94E0E921}"
EndProject
Project("{9A19103F-16F7-4668-BE54-9A1E7A4F7556}") = "Calcis.Modules.Base.Infrastructure", "src\Modules\Base\Calcis.Modules.Base.Infrastructure\Calcis.Modules.Base.Infrastructure.csproj", "{7644B8B6-B3C6-42BB-8770-B92A34989BD1}"
EndProject
Project("{9A19103F-16F7-4668-BE54-9A1E7A4F7556}") = "Calcis.Shared.Infrastructure", "src\Shared\Calcis.Shared.Infrastructure\Calcis.Shared.Infrastructure.csproj", "{612CA759-B218-4F0B-9ECC-CC20C2085FFC}"
EndProject
Project("{9A19103F-16F7-4668-BE54-9A1E7A4F7556}") = "Calcis.Bootstraper", "src\Bootstraper\Calcis.Bootstraper\Calcis.Bootstraper.csproj", "{0F95684A-97B6-4D14-9B22-D6BA2C41C301}"
EndProject
Project("{E53339B2-1760-4266-BCC7-CA923CBCF16C}") = "docker-compose", "docker-compose.dcproj", "{81DDED9D-158B-E303-5F62-77A2896D2A5A}"
EndProject
Project("{2150E333-8FDC-42A3-9474-1A3956D46DE8}") = "Employee", "Employee", "{02EA681E-C7D8-13C7-8484-4AC65E1B71E8}"
EndProject
Project("{FAE04EC0-301F-11D3-BF4B-00C04F79EFBC}") = "Calcis.Modules.Employee.Api", "src\Modules\Employee\Calcis.Modules.Employee.Api\Calcis.Modules.Employee.Api.csproj", "{E879304D-4220-B2DA-FBCD-6F3B4C905CC3}"
EndProject
Project("{FAE04EC0-301F-11D3-BF4B-00C04F79EFBC}") = "Calcis.Modules.Employee.Infrastructure", "src\Modules\Employee\Calcis.Modules.Employee.Infrastructure\Calcis.Modules.Employee.Infrastructure.csproj", "{F2D13C87-5E6E-0042-E47B-3BDCDC80A335}"
EndProject
Project("{FAE04EC0-301F-11D3-BF4B-00C04F79EFBC}") = "Calcis.Modules.Employee.Application", "src\Modules\Employee\Calcis.Modules.Employee.Application\Calcis.Modules.Employee.Application.csproj", "{AB450A89-BDCD-4429-A755-311EAF43F37B}"
EndProject
Project("{FAE04EC0-301F-11D3-BF4B-00C04F79EFBC}") = "Calcis.Modules.Employee.Core", "src\Modules\Employee\Calcis.Modules.Employee.Core\Calcis.Modules.Employee.Core.csproj", "{6E6DBFA3-BFB3-4332-840F-2BDAF1DA0F4F}"
EndProject
Project("{FAE04EC0-301F-11D3-BF4B-00C04F79EFBC}") = "Calcis.Shared.Events", "src\Shared\Calcis.Shared.Events\Calcis.Shared.Events.csproj", "{E5CEE892-794A-44E0-B903-B1783E7AF6DA}"
EndProject
Global
	GlobalSection(SolutionConfigurationPlatforms) = preSolution
		Debug|Any CPU = Debug|Any CPU
		Release|Any CPU = Release|Any CPU
	EndGlobalSection
	GlobalSection(ProjectConfigurationPlatforms) = postSolution
		{F46ADC8C-9ADC-4782-9C8A-ED56732FE0AF}.Debug|Any CPU.ActiveCfg = Debug|Any CPU
		{F46ADC8C-9ADC-4782-9C8A-ED56732FE0AF}.Debug|Any CPU.Build.0 = Debug|Any CPU
		{F46ADC8C-9ADC-4782-9C8A-ED56732FE0AF}.Release|Any CPU.ActiveCfg = Release|Any CPU
		{F46ADC8C-9ADC-4782-9C8A-ED56732FE0AF}.Release|Any CPU.Build.0 = Release|Any CPU
		{E8CF9C15-50A7-45B7-BAAE-10D91AFB5BDF}.Debug|Any CPU.ActiveCfg = Debug|Any CPU
		{E8CF9C15-50A7-45B7-BAAE-10D91AFB5BDF}.Debug|Any CPU.Build.0 = Debug|Any CPU
		{E8CF9C15-50A7-45B7-BAAE-10D91AFB5BDF}.Release|Any CPU.ActiveCfg = Release|Any CPU
		{E8CF9C15-50A7-45B7-BAAE-10D91AFB5BDF}.Release|Any CPU.Build.0 = Release|Any CPU
		{01D1C016-48A9-4A9C-BC0C-F45448FE14B2}.Debug|Any CPU.ActiveCfg = Debug|Any CPU
		{01D1C016-48A9-4A9C-BC0C-F45448FE14B2}.Debug|Any CPU.Build.0 = Debug|Any CPU
		{01D1C016-48A9-4A9C-BC0C-F45448FE14B2}.Release|Any CPU.ActiveCfg = Release|Any CPU
		{01D1C016-48A9-4A9C-BC0C-F45448FE14B2}.Release|Any CPU.Build.0 = Release|Any CPU
		{6E3E8E12-B77E-49F8-AE24-4E2D94E0E921}.Debug|Any CPU.ActiveCfg = Debug|Any CPU
		{6E3E8E12-B77E-49F8-AE24-4E2D94E0E921}.Debug|Any CPU.Build.0 = Debug|Any CPU
		{6E3E8E12-B77E-49F8-AE24-4E2D94E0E921}.Release|Any CPU.ActiveCfg = Release|Any CPU
		{6E3E8E12-B77E-49F8-AE24-4E2D94E0E921}.Release|Any CPU.Build.0 = Release|Any CPU
		{7644B8B6-B3C6-42BB-8770-B92A34989BD1}.Debug|Any CPU.ActiveCfg = Debug|Any CPU
		{7644B8B6-B3C6-42BB-8770-B92A34989BD1}.Debug|Any CPU.Build.0 = Debug|Any CPU
		{7644B8B6-B3C6-42BB-8770-B92A34989BD1}.Release|Any CPU.ActiveCfg = Release|Any CPU
		{7644B8B6-B3C6-42BB-8770-B92A34989BD1}.Release|Any CPU.Build.0 = Release|Any CPU
		{612CA759-B218-4F0B-9ECC-CC20C2085FFC}.Debug|Any CPU.ActiveCfg = Debug|Any CPU
		{612CA759-B218-4F0B-9ECC-CC20C2085FFC}.Debug|Any CPU.Build.0 = Debug|Any CPU
		{612CA759-B218-4F0B-9ECC-CC20C2085FFC}.Release|Any CPU.ActiveCfg = Release|Any CPU
		{612CA759-B218-4F0B-9ECC-CC20C2085FFC}.Release|Any CPU.Build.0 = Release|Any CPU
		{0F95684A-97B6-4D14-9B22-D6BA2C41C301}.Debug|Any CPU.ActiveCfg = Debug|Any CPU
		{0F95684A-97B6-4D14-9B22-D6BA2C41C301}.Debug|Any CPU.Build.0 = Debug|Any CPU
		{0F95684A-97B6-4D14-9B22-D6BA2C41C301}.Release|Any CPU.ActiveCfg = Release|Any CPU
		{0F95684A-97B6-4D14-9B22-D6BA2C41C301}.Release|Any CPU.Build.0 = Release|Any CPU
		{81DDED9D-158B-E303-5F62-77A2896D2A5A}.Debug|Any CPU.ActiveCfg = Debug|Any CPU
		{81DDED9D-158B-E303-5F62-77A2896D2A5A}.Debug|Any CPU.Build.0 = Debug|Any CPU
		{81DDED9D-158B-E303-5F62-77A2896D2A5A}.Release|Any CPU.ActiveCfg = Release|Any CPU
		{81DDED9D-158B-E303-5F62-77A2896D2A5A}.Release|Any CPU.Build.0 = Release|Any CPU
		{E879304D-4220-B2DA-FBCD-6F3B4C905CC3}.Debug|Any CPU.ActiveCfg = Debug|Any CPU
		{E879304D-4220-B2DA-FBCD-6F3B4C905CC3}.Debug|Any CPU.Build.0 = Debug|Any CPU
		{E879304D-4220-B2DA-FBCD-6F3B4C905CC3}.Release|Any CPU.ActiveCfg = Release|Any CPU
		{E879304D-4220-B2DA-FBCD-6F3B4C905CC3}.Release|Any CPU.Build.0 = Release|Any CPU
		{F2D13C87-5E6E-0042-E47B-3BDCDC80A335}.Debug|Any CPU.ActiveCfg = Debug|Any CPU
		{F2D13C87-5E6E-0042-E47B-3BDCDC80A335}.Debug|Any CPU.Build.0 = Debug|Any CPU
		{F2D13C87-5E6E-0042-E47B-3BDCDC80A335}.Release|Any CPU.ActiveCfg = Release|Any CPU
		{F2D13C87-5E6E-0042-E47B-3BDCDC80A335}.Release|Any CPU.Build.0 = Release|Any CPU
		{AB450A89-BDCD-4429-A755-311EAF43F37B}.Debug|Any CPU.ActiveCfg = Debug|Any CPU
		{AB450A89-BDCD-4429-A755-311EAF43F37B}.Debug|Any CPU.Build.0 = Debug|Any CPU
		{AB450A89-BDCD-4429-A755-311EAF43F37B}.Release|Any CPU.ActiveCfg = Release|Any CPU
		{AB450A89-BDCD-4429-A755-311EAF43F37B}.Release|Any CPU.Build.0 = Release|Any CPU
		{6E6DBFA3-BFB3-4332-840F-2BDAF1DA0F4F}.Debug|Any CPU.ActiveCfg = Debug|Any CPU
		{6E6DBFA3-BFB3-4332-840F-2BDAF1DA0F4F}.Debug|Any CPU.Build.0 = Debug|Any CPU
		{6E6DBFA3-BFB3-4332-840F-2BDAF1DA0F4F}.Release|Any CPU.ActiveCfg = Release|Any CPU
		{6E6DBFA3-BFB3-4332-840F-2BDAF1DA0F4F}.Release|Any CPU.Build.0 = Release|Any CPU
		{E5CEE892-794A-44E0-B903-B1783E7AF6DA}.Debug|Any CPU.ActiveCfg = Debug|Any CPU
		{E5CEE892-794A-44E0-B903-B1783E7AF6DA}.Debug|Any CPU.Build.0 = Debug|Any CPU
		{E5CEE892-794A-44E0-B903-B1783E7AF6DA}.Release|Any CPU.ActiveCfg = Release|Any CPU
		{E5CEE892-794A-44E0-B903-B1783E7AF6DA}.Release|Any CPU.Build.0 = Release|Any CPU
	EndGlobalSection
	GlobalSection(SolutionProperties) = preSolution
		HideSolutionNode = FALSE
	EndGlobalSection
	GlobalSection(NestedProjects) = preSolution
		{156E8E81-10BA-421A-8D4C-2700EC2E0D06} = {C7476297-878A-4FFB-BBF0-79CDBE8F7331}
		{F46ADC8C-9ADC-4782-9C8A-ED56732FE0AF} = {156E8E81-10BA-421A-8D4C-2700EC2E0D06}
		{E8CF9C15-50A7-45B7-BAAE-10D91AFB5BDF} = {11AF223C-1C79-4242-B5DC-F44DE44531FD}
		{01D1C016-48A9-4A9C-BC0C-F45448FE14B2} = {156E8E81-10BA-421A-8D4C-2700EC2E0D06}
		{6E3E8E12-B77E-49F8-AE24-4E2D94E0E921} = {156E8E81-10BA-421A-8D4C-2700EC2E0D06}
		{7644B8B6-B3C6-42BB-8770-B92A34989BD1} = {156E8E81-10BA-421A-8D4C-2700EC2E0D06}
		{612CA759-B218-4F0B-9ECC-CC20C2085FFC} = {11AF223C-1C79-4242-B5DC-F44DE44531FD}
		{0F95684A-97B6-4D14-9B22-D6BA2C41C301} = {F807CD0E-0693-4FE5-891E-544F5DC9A931}
		{02EA681E-C7D8-13C7-8484-4AC65E1B71E8} = {C7476297-878A-4FFB-BBF0-79CDBE8F7331}
		{E879304D-4220-B2DA-FBCD-6F3B4C905CC3} = {02EA681E-C7D8-13C7-8484-4AC65E1B71E8}
		{F2D13C87-5E6E-0042-E47B-3BDCDC80A335} = {02EA681E-C7D8-13C7-8484-4AC65E1B71E8}
		{AB450A89-BDCD-4429-A755-311EAF43F37B} = {02EA681E-C7D8-13C7-8484-4AC65E1B71E8}
		{6E6DBFA3-BFB3-4332-840F-2BDAF1DA0F4F} = {02EA681E-C7D8-13C7-8484-4AC65E1B71E8}
		{E5CEE892-794A-44E0-B903-B1783E7AF6DA} = {11AF223C-1C79-4242-B5DC-F44DE44531FD}
	EndGlobalSection
	GlobalSection(ExtensibilityGlobals) = postSolution
		SolutionGuid = {7247945B-281D-4FCE-8A2E-7BED08698F51}
	EndGlobalSection
EndGlobal
